
Microsoft Visual Studio Solution File, Format Version 12.00
# Visual Studio Version 17
Project("{8BC9CEB8-8B4A-11D0-8D11-00A0C91BC942}") = "ALL_BUILD", "ALL_BUILD.vcxproj", "{0C56692F-213B-3D45-A811-4CEBD67B5616}"
	ProjectSection(ProjectDependencies) = postProject
		{57982616-2125-3B14-95E2-B8623EA5875B} = {57982616-2125-3B14-95E2-B8623EA5875B}
		{F6ADE6F2-09E5-3392-A9B3-7E93D396C926} = {F6ADE6F2-09E5-3392-A9B3-7E93D396C926}
	EndProjectSection
EndProject
Project("{8BC9CEB8-8B4A-11D0-8D11-00A0C91BC942}") = "UrbanFarm", "UrbanFarm.vcxproj", "{57982616-2125-3B14-95E2-B8623EA5875B}"
	ProjectSection(ProjectDependencies) = postProject
		{F6ADE6F2-09E5-3392-A9B3-7E93D396C926} = {F6ADE6F2-09E5-3392-A9B3-7E93D396C926}
	EndProjectSection
EndProject
Project("{8BC9CEB8-8B4A-11D0-8D11-00A0C91BC942}") = "ZERO_CHECK", "ZERO_CHECK.vcxproj", "{F6ADE6F2-09E5-3392-A9B3-7E93D396C926}"
	ProjectSection(ProjectDependencies) = postProject
	EndProjectSection
EndProject
Global
	GlobalSection(SolutionConfigurationPlatforms) = preSolution
		Debug|x64 = Debug|x64
		Release|x64 = Release|x64
		MinSizeRel|x64 = MinSizeRel|x64
		RelWithDebInfo|x64 = RelWithDebInfo|x64
	EndGlobalSection
	GlobalSection(ProjectConfigurationPlatforms) = postSolution
		{0C56692F-213B-3D45-A811-4CEBD67B5616}.Debug|x64.ActiveCfg = Debug|x64
		{0C56692F-213B-3D45-A811-4CEBD67B5616}.Release|x64.ActiveCfg = Release|x64
		{0C56692F-213B-3D45-A811-4CEBD67B5616}.MinSizeRel|x64.ActiveCfg = MinSizeRel|x64
		{0C56692F-213B-3D45-A811-4CEBD67B5616}.RelWithDebInfo|x64.ActiveCfg = RelWithDebInfo|x64
		{57982616-2125-3B14-95E2-B8623EA5875B}.Debug|x64.ActiveCfg = Debug|x64
		{57982616-2125-3B14-95E2-B8623EA5875B}.Debug|x64.Build.0 = Debug|x64
		{57982616-2125-3B14-95E2-B8623EA5875B}.Release|x64.ActiveCfg = Release|x64
		{57982616-2125-3B14-95E2-B8623EA5875B}.Release|x64.Build.0 = Release|x64
		{57982616-2125-3B14-95E2-B8623EA5875B}.MinSizeRel|x64.ActiveCfg = MinSizeRel|x64
		{57982616-2125-3B14-95E2-B8623EA5875B}.MinSizeRel|x64.Build.0 = MinSizeRel|x64
		{57982616-2125-3B14-95E2-B8623EA5875B}.RelWithDebInfo|x64.ActiveCfg = RelWithDebInfo|x64
		{57982616-2125-3B14-95E2-B8623EA5875B}.RelWithDebInfo|x64.Build.0 = RelWithDebInfo|x64
		{F6ADE6F2-09E5-3392-A9B3-7E93D396C926}.Debug|x64.ActiveCfg = Debug|x64
		{F6ADE6F2-09E5-3392-A9B3-7E93D396C926}.Debug|x64.Build.0 = Debug|x64
		{F6ADE6F2-09E5-3392-A9B3-7E93D396C926}.Release|x64.ActiveCfg = Release|x64
		{F6ADE6F2-09E5-3392-A9B3-7E93D396C926}.Release|x64.Build.0 = Release|x64
		{F6ADE6F2-09E5-3392-A9B3-7E93D396C926}.MinSizeRel|x64.ActiveCfg = MinSizeRel|x64
		{F6ADE6F2-09E5-3392-A9B3-7E93D396C926}.MinSizeRel|x64.Build.0 = MinSizeRel|x64
		{F6ADE6F2-09E5-3392-A9B3-7E93D396C926}.RelWithDebInfo|x64.ActiveCfg = RelWithDebInfo|x64
		{F6ADE6F2-09E5-3392-A9B3-7E93D396C926}.RelWithDebInfo|x64.Build.0 = RelWithDebInfo|x64
	EndGlobalSection
	GlobalSection(ExtensibilityGlobals) = postSolution
		SolutionGuid = {3D2B9123-9DB5-3F1C-ADA4-9C30D06F784F}
	EndGlobalSection
	GlobalSection(ExtensibilityAddIns) = postSolution
	EndGlobalSection
EndGlobal
