<?xml version="1.0" encoding="utf-8"?>
<Project ToolsVersion="17.0" xmlns="http://schemas.microsoft.com/developer/msbuild/2003">
  <ItemGroup>
    <CustomBuild Include="C:\Users\user\OneDrive-EPITA\Documents\2nd-Year\Programation\Cloud-Data-Engineering\Urban_Farm\winBuild\CMakeFiles\b605f52df8c27cdae787216d2d48d43e\generate.stamp.rule">
      <Filter>CMake Rules</Filter>
    </CustomBuild>
  </ItemGroup>
  <ItemGroup>
    <Filter Include="CMake Rules">
      <UniqueIdentifier>{09B7001B-E143-3920-9309-FBBADDE1F4D9}</UniqueIdentifier>
    </Filter>
  </ItemGroup>
</Project>
